
Microsoft Visual Studio Solution File, Format Version 12.00
# Visual Studio Version 16
VisualStudioVersion = 16.0.30413.136
MinimumVisualStudioVersion = 10.0.40219.1
Project("{8BC9CEB8-8B4A-11D0-8D11-00A0C91BC942}") = "A8222935", "A8222935\A8222935.vcxproj", "{6EE97124-D59C-4AAE-97E9-BC31D30B4C6A}"
EndProject
Global
	GlobalSection(SolutionConfigurationPlatforms) = preSolution
		Debug|x64 = Debug|x64
		Debug|x86 = Debug|x86
		Release|x64 = Release|x64
		Release|x86 = Release|x86
	EndGlobalSection
	GlobalSection(ProjectConfigurationPlatforms) = postSolution
		{6EE97124-D59C-4AAE-97E9-BC31D30B4C6A}.Debug|x64.ActiveCfg = Debug|x64
		{6EE97124-D59C-4AAE-97E9-BC31D30B4C6A}.Debug|x64.Build.0 = Debug|x64
		{6EE97124-D59C-4AAE-97E9-BC31D30B4C6A}.Debug|x86.ActiveCfg = Debug|Win32
		{6EE97124-D59C-4AAE-97E9-BC31D30B4C6A}.Debug|x86.Build.0 = Debug|Win32
		{6EE97124-D59C-4AAE-97E9-BC31D30B4C6A}.Release|x64.ActiveCfg = Release|x64
		{6EE97124-D59C-4AAE-97E9-BC31D30B4C6A}.Release|x64.Build.0 = Release|x64
		{6EE97124-D59C-4AAE-97E9-BC31D30B4C6A}.Release|x86.ActiveCfg = Release|Win32
		{6EE97124-D59C-4AAE-97E9-BC31D30B4C6A}.Release|x86.Build.0 = Release|Win32
	EndGlobalSection
	GlobalSection(SolutionProperties) = preSolution
		HideSolutionNode = FALSE
	EndGlobalSection
	GlobalSection(ExtensibilityGlobals) = postSolution
		SolutionGuid = {416406B2-1FC6-43E3-8BB8-DB30C001DACA}
	EndGlobalSection
EndGlobal
